PODS:
  - Alamofire (5.0.0-beta.6)
  - BlocksKit (2.2.5):
    - BlocksKit/All (= 2.2.5)
  - BlocksKit/All (2.2.5):
    - BlocksKit/Core
    - BlocksKit/DynamicDelegate
    - BlocksKit/MessageUI
    - BlocksKit/UIKit
  - BlocksKit/Core (2.2.5)
  - BlocksKit/DynamicDelegate (2.2.5)
  - BlocksKit/MessageUI (2.2.5):
    - BlocksKit/Core
    - BlocksKit/DynamicDelegate
  - BlocksKit/UIKit (2.2.5):
    - BlocksKit/Core
    - BlocksKit/DynamicDelegate
  - Differentiator (5.0.0)
  - FMDB (2.7.5):
    - FMDB/standard (= 2.7.5)
  - FMDB/standard (2.7.5)
  - HandyJSON (5.0.0)
  - IQKeyboardManagerSwift (6.5.10)
  - Kingfisher (7.10.1)
  - Masonry (1.1.0)
  - MJRefresh (3.1.15.7)
  - ORCharts (2.1.8):
    - ORCharts/Line (= 2.1.8)
    - ORCharts/Ring (= 2.1.8)
    - ORCharts/Util (= 2.1.8)
  - ORCharts/Line (2.1.8):
    - ORCharts/Util
  - ORCharts/Ring (2.1.8):
    - ORCharts/Util
  - ORCharts/Util (2.1.8)
  - PGNumberKeyboard (1.0.4)
  - Realm (10.7.6):
    - Realm/Headers (= 10.7.6)
  - Realm/Headers (10.7.6)
  - RealmSwift (10.7.6):
    - Realm (= 10.7.6)
  - RxCocoa (6.6.0):
    - RxRelay (= 6.6.0)
    - RxSwift (= 6.6.0)
  - RxDataSources (5.0.0):
    - Differentiator (~> 5.0)
    - RxCocoa (~> 6.0)
    - RxSwift (~> 6.0)
  - RxRelay (6.6.0):
    - RxSwift (= 6.6.0)
  - RxSwift (6.6.0)
  - SDWebImage (5.14.2):
    - SDWebImage/Core (= 5.14.2)
  - SDWebImage/Core (5.14.2)
  - SHFullscreenPopGestureSwift (1.2.1)
  - SnapKit (4.2.0)
  - SQLite.swift (0.14.1):
    - SQLite.swift/standard (= 0.14.1)
  - SQLite.swift/standard (0.14.1)
  - SVProgressHUD (2.2.5)
  - swift-numerics (1.0.2):
    - swift-numerics-complex
    - swift-numerics-real
  - swift-numerics-complex (1.0.2):
    - swift-numerics-real
  - swift-numerics-real (1.0.2):
    - swift-numerics-shims
  - swift-numerics-shims (1.0.2)
  - WMPlayer (5.0.0):
    - Masonry

DEPENDENCIES:
  - Alamofire (~> 5.0.0-beta.6)
  - BlocksKit (~> 2.2.5)
  - FMDB (~> 2.7.5)
  - HandyJSON (~> 5.0.0-beta.1)
  - IQKeyboardManagerSwift (~> 6.5.10)
  - Kingfisher (~> 7.10.1)
  - MJRefresh (~> 3.1.15.7)
  - ORCharts (~> 2.1.8)
  - PGNumberKeyboard (~> 1.0.3)
  - Realm
  - RealmSwift (= 10.7.6)
  - RxCocoa
  - RxDataSources
  - RxSwift
  - SDWebImage (~> 5.14.2)
  - SHFullscreenPopGestureSwift (~> 1.2.1)
  - SnapKit (~> 4.2.0)
  - SQLite.swift (~> 0.14.1)
  - SVProgressHUD (~> 2.2.5)
  - swift-numerics (~> 1.0.2)
  - WMPlayer (~> 5.0.0)

SPEC REPOS:
  https://github.com/CocoaPods/Specs.git:
    - Alamofire
    - BlocksKit
    - Differentiator
    - HandyJSON
    - MJRefresh
    - ORCharts
    - Realm
    - RxCocoa
    - RxDataSources
    - RxRelay
    - RxSwift
    - SHFullscreenPopGestureSwift
    - SnapKit
    - SVProgressHUD
  trunk:
    - FMDB
    - IQKeyboardManagerSwift
    - Kingfisher
    - Masonry
    - PGNumberKeyboard
    - RealmSwift
    - SDWebImage
    - SQLite.swift
    - swift-numerics
    - swift-numerics-complex
    - swift-numerics-real
    - swift-numerics-shims
    - WMPlayer

SPEC CHECKSUMS:
  Alamofire: cd08a4402bd12cacd0c66f23fb12fec8d6b965e4
  BlocksKit: 8639b2848dd51c35c957af4d9fbdc7a769a1fc12
  Differentiator: e8497ceab83c1b10ca233716d547b9af21b9344d
  FMDB: 2ce00b547f966261cd18927a3ddb07cb6f3db82a
  HandyJSON: 992f2d661716d6a91de82d0056927bc7813b5770
  IQKeyboardManagerSwift: 52962c76ab33532f15ad9f3ff4e5715eda5335bb
  Kingfisher: bc5abe80a8e0144537ef1dd5a0b2621b04f7f439
  Masonry: 678fab65091a9290e40e2832a55e7ab731aad201
  MJRefresh: 697f8ec75ebdbe9207767bb682cf0f51b0d8a41f
  ORCharts: af561ca7e1692178be3a5c8e68c667dabd971b04
  PGNumberKeyboard: da00320be74354d947da4c2ef8993cf01a832e3f
  Realm: ed860452717c8db8f4bf832b6807f7f2ce708839
  RealmSwift: e31c4ddbcc42ac879313d656b86f9ca539f6f4f4
  RxCocoa: 44a80de90e25b739b5aeaae3c8c371a32e3343cc
  RxDataSources: aa47cc1ed6c500fa0dfecac5c979b723542d79cf
  RxRelay: 45eaa5db8ee4fb50e5ebd57deec0159e97fa51e6
  RxSwift: a4b44f7d24599f674deebd1818eab82e58410632
  SDWebImage: b9a731e1d6307f44ca703b3976d18c24ca561e84
  SHFullscreenPopGestureSwift: 96c20749695c8fbf14a29feb5ece469d7a909a41
  SnapKit: fe8a619752f3f27075cc9a90244d75c6c3f27e2a
  SQLite.swift: 2992550ebf3c5b268bf4352603e3df87d2a4ed72
  SVProgressHUD: 1428aafac632c1f86f62aa4243ec12008d7a51d6
  swift-numerics: a37246bb779473e9bcafba1cd3d9122ce94de969
  swift-numerics-complex: cf0046d270ecdef16636ece46cf14378b01fe4af
  swift-numerics-real: ff7c73b16fc7993d8667c9cffc9b01a6a2ac8a16
  swift-numerics-shims: 27661847e9d3a52ad620cc255da19333bdfe155c
  WMPlayer: a914f80ed5dca7cd9e3a94ec07a2b02eec8c15c0

PODFILE CHECKSUM: 9079954b4e06da63c04b8bab228ff0303819f694

COCOAPODS: 1.12.1
